
Microsoft Visual Studio Solution File, Format Version 12.00
# Visual Studio Version 17
VisualStudioVersion = 17.14.36408.4 d17.14
MinimumVisualStudioVersion = 10.0.40219.1
Project("{FAE04EC0-301F-11D3-BF4B-00C04F79EFBC}") = "Polymorphsym(Çok Biçimlilik)", "Polymorphsym(Çok Biçimlilik)\Polymorphsym(Çok Biçimlilik).csproj", "{52CEC5E8-369F-4AD6-B325-2EAC055EFB95}"
EndProject
Global
	GlobalSection(SolutionConfigurationPlatforms) = preSolution
		Debug|Any CPU = Debug|Any CPU
		Release|Any CPU = Release|Any CPU
	EndGlobalSection
	GlobalSection(ProjectConfigurationPlatforms) = postSolution
		{52CEC5E8-369F-4AD6-B325-2EAC055EFB95}.Debug|Any CPU.ActiveCfg = Debug|Any CPU
		{52CEC5E8-369F-4AD6-B325-2EAC055EFB95}.Debug|Any CPU.Build.0 = Debug|Any CPU
		{52CEC5E8-369F-4AD6-B325-2EAC055EFB95}.Release|Any CPU.ActiveCfg = Release|Any CPU
		{52CEC5E8-369F-4AD6-B325-2EAC055EFB95}.Release|Any CPU.Build.0 = Release|Any CPU
	EndGlobalSection
	GlobalSection(SolutionProperties) = preSolution
		HideSolutionNode = FALSE
	EndGlobalSection
	GlobalSection(ExtensibilityGlobals) = postSolution
		SolutionGuid = {8A27F472-C4EE-4A5E-978F-794D7A6BBD05}
	EndGlobalSection
EndGlobal
