
Microsoft Visual Studio Solution File, Format Version 12.00
# Visual Studio Version 17
VisualStudioVersion = 17.14.36408.4 d17.14
MinimumVisualStudioVersion = 10.0.40219.1
Project("{FAE04EC0-301F-11D3-BF4B-00C04F79EFBC}") = "OOP_İLkeleri_Devam", "OOP_İLkeleri_Devam\OOP_İLkeleri_Devam.csproj", "{7ECAEE9A-8B59-47A6-847B-0E1690BFCA52}"
EndProject
Global
	GlobalSection(SolutionConfigurationPlatforms) = preSolution
		Debug|Any CPU = Debug|Any CPU
		Release|Any CPU = Release|Any CPU
	EndGlobalSection
	GlobalSection(ProjectConfigurationPlatforms) = postSolution
		{7ECAEE9A-8B59-47A6-847B-0E1690BFCA52}.Debug|Any CPU.ActiveCfg = Debug|Any CPU
		{7ECAEE9A-8B59-47A6-847B-0E1690BFCA52}.Debug|Any CPU.Build.0 = Debug|Any CPU
		{7ECAEE9A-8B59-47A6-847B-0E1690BFCA52}.Release|Any CPU.ActiveCfg = Release|Any CPU
		{7ECAEE9A-8B59-47A6-847B-0E1690BFCA52}.Release|Any CPU.Build.0 = Release|Any CPU
	EndGlobalSection
	GlobalSection(SolutionProperties) = preSolution
		HideSolutionNode = FALSE
	EndGlobalSection
	GlobalSection(ExtensibilityGlobals) = postSolution
		SolutionGuid = {C8D35A9B-AD92-400A-A79B-8F8D24BB8471}
	EndGlobalSection
EndGlobal
